
Microsoft Visual Studio Solution File, Format Version 12.00
Project("{FAE04EC0-301F-11D3-BF4B-00C04F79EFBC}") = "library-api", "library-api\library-api.csproj", "{37020E46-C193-4E2E-A799-B4BE457CCF20}"
EndProject
Global
	GlobalSection(SolutionConfigurationPlatforms) = preSolution
		Debug|Any CPU = Debug|Any CPU
		Release|Any CPU = Release|Any CPU
	EndGlobalSection
	GlobalSection(ProjectConfigurationPlatforms) = postSolution
		{37020E46-C193-4E2E-A799-B4BE457CCF20}.Debug|Any CPU.ActiveCfg = Debug|Any CPU
		{37020E46-C193-4E2E-A799-B4BE457CCF20}.Debug|Any CPU.Build.0 = Debug|Any CPU
		{37020E46-C193-4E2E-A799-B4BE457CCF20}.Release|Any CPU.ActiveCfg = Release|Any CPU
		{37020E46-C193-4E2E-A799-B4BE457CCF20}.Release|Any CPU.Build.0 = Release|Any CPU
	EndGlobalSection
EndGlobal
